
Microsoft Visual Studio Solution File, Format Version 12.00
# Visual Studio Version 17
VisualStudioVersion = 17.11.35327.3
MinimumVisualStudioVersion = 10.0.40219.1
Project("{FAE04EC0-301F-11D3-BF4B-00C04F79EFBC}") = "Models", "Models\Models.csproj", "{1E87E8AB-13E9-42F0-956B-6D10845B35D5}"
EndProject
Project("{FAE04EC0-301F-11D3-BF4B-00C04F79EFBC}") = "Business", "Business\Business.csproj", "{B8B9F965-E4E7-4BF4-9335-9B5B598607F9}"
EndProject
Project("{FAE04EC0-301F-11D3-BF4B-00C04F79EFBC}") = "GestionZooUI", "GestionZooUI\GestionZooUI.csproj", "{5A56D941-D070-4D50-946E-0E99EAA3DB75}"
EndProject
Global
	GlobalSection(SolutionConfigurationPlatforms) = preSolution
		Debug|Any CPU = Debug|Any CPU
		Release|Any CPU = Release|Any CPU
	EndGlobalSection
	GlobalSection(ProjectConfigurationPlatforms) = postSolution
		{1E87E8AB-13E9-42F0-956B-6D10845B35D5}.Debug|Any CPU.ActiveCfg = Debug|Any CPU
		{1E87E8AB-13E9-42F0-956B-6D10845B35D5}.Debug|Any CPU.Build.0 = Debug|Any CPU
		{1E87E8AB-13E9-42F0-956B-6D10845B35D5}.Release|Any CPU.ActiveCfg = Release|Any CPU
		{1E87E8AB-13E9-42F0-956B-6D10845B35D5}.Release|Any CPU.Build.0 = Release|Any CPU
		{B8B9F965-E4E7-4BF4-9335-9B5B598607F9}.Debug|Any CPU.ActiveCfg = Debug|Any CPU
		{B8B9F965-E4E7-4BF4-9335-9B5B598607F9}.Debug|Any CPU.Build.0 = Debug|Any CPU
		{B8B9F965-E4E7-4BF4-9335-9B5B598607F9}.Release|Any CPU.ActiveCfg = Release|Any CPU
		{B8B9F965-E4E7-4BF4-9335-9B5B598607F9}.Release|Any CPU.Build.0 = Release|Any CPU
		{5A56D941-D070-4D50-946E-0E99EAA3DB75}.Debug|Any CPU.ActiveCfg = Debug|Any CPU
		{5A56D941-D070-4D50-946E-0E99EAA3DB75}.Debug|Any CPU.Build.0 = Debug|Any CPU
		{5A56D941-D070-4D50-946E-0E99EAA3DB75}.Release|Any CPU.ActiveCfg = Release|Any CPU
		{5A56D941-D070-4D50-946E-0E99EAA3DB75}.Release|Any CPU.Build.0 = Release|Any CPU
	EndGlobalSection
	GlobalSection(SolutionProperties) = preSolution
		HideSolutionNode = FALSE
	EndGlobalSection
	GlobalSection(ExtensibilityGlobals) = postSolution
		SolutionGuid = {C1EA366F-9425-46F5-A73C-E94C474DC8B8}
	EndGlobalSection
EndGlobal
